<Solution>
  <Folder Name="/src/">
    <Project Path="src/SkillRadar.Api/SkillRadar.Api.csproj" />
    <Project Path="src/SkillRadar.Core/SkillRadar.Core.csproj" />
    <Project Path="src/SkillRadar.Data/SkillRadar.Data.csproj" />
    <Project Path="src/SkillRadar.Ingestion/SkillRadar.Ingestion.csproj" />
  </Folder>
  <Folder Name="/tests/">
    <Project Path="tests/SkillRadar.Tests/SkillRadar.Tests.csproj" />
  </Folder>
</Solution>
